// !$*UTF8*$!
{
	archiveVersion = 1;
	classes = {
	};
	objectVersion = 46;
	objects = {

/* Begin PBXBuildFile section */
		0262C20D22962B0F00AAF1B2 /* complex_bit_reverse.c in Sources */ = {isa = PBXBuildFile; fileRef = 0262C1E922962B0F00AAF1B2 /* complex_bit_reverse.c */; };
		0262C20E22962B0F00AAF1B2 /* complex_fft.c in Sources */ = {isa = PBXBuildFile; fileRef = 0262C1EA22962B0F00AAF1B2 /* complex_fft.c */; };
		0262C20F22962B0F00AAF1B2 /* cross_correlation.c in Sources */ = {isa = PBXBuildFile; fileRef = 0262C1EC22962B0F00AAF1B2 /* cross_correlation.c */; };
		0262C21022962B0F00AAF1B2 /* division_operations.c in Sources */ = {isa = PBXBuildFile; fileRef = 0262C1ED22962B0F00AAF1B2 /* division_operations.c */; };
		0262C21122962B0F00AAF1B2 /* downsample_fast.c in Sources */ = {isa = PBXBuildFile; fileRef = 0262C1EE22962B0F00AAF1B2 /* downsample_fast.c */; };
		0262C21222962B0F00AAF1B2 /* energy.c in Sources */ = {isa = PBXBuildFile; fileRef = 0262C1EF22962B0F00AAF1B2 /* energy.c */; };
		0262C21322962B0F00AAF1B2 /* get_scaling_square.c in Sources */ = {isa = PBXBuildFile; fileRef = 0262C1F022962B0F00AAF1B2 /* get_scaling_square.c */; };
		0262C21422962B0F00AAF1B2 /* min_max_operations.c in Sources */ = {isa = PBXBuildFile; fileRef = 0262C1F522962B0F00AAF1B2 /* min_max_operations.c */; };
		0262C21522962B0F00AAF1B2 /* real_fft.c in Sources */ = {isa = PBXBuildFile; fileRef = 0262C1F622962B0F00AAF1B2 /* real_fft.c */; };
		0262C21622962B0F00AAF1B2 /* resample_48khz.c in Sources */ = {isa = PBXBuildFile; fileRef = 0262C1F722962B0F00AAF1B2 /* resample_48khz.c */; };
		0262C21722962B0F00AAF1B2 /* resample_by_2_internal.c in Sources */ = {isa = PBXBuildFile; fileRef = 0262C1F822962B0F00AAF1B2 /* resample_by_2_internal.c */; };
		0262C21822962B0F00AAF1B2 /* resample_fractional.c in Sources */ = {isa = PBXBuildFile; fileRef = 0262C1FA22962B0F00AAF1B2 /* resample_fractional.c */; };
		0262C21922962B0F00AAF1B2 /* spl_init.c in Sources */ = {isa = PBXBuildFile; fileRef = 0262C1FB22962B0F00AAF1B2 /* spl_init.c */; };
		0262C21A22962B0F00AAF1B2 /* vector_scaling_operations.c in Sources */ = {isa = PBXBuildFile; fileRef = 0262C1FC22962B0F00AAF1B2 /* vector_scaling_operations.c */; };
		0262C21B22962B0F00AAF1B2 /* vad_core.c in Sources */ = {isa = PBXBuildFile; fileRef = 0262C20022962B0F00AAF1B2 /* vad_core.c */; };
		0262C21C22962B0F00AAF1B2 /* vad_filterbank.c in Sources */ = {isa = PBXBuildFile; fileRef = 0262C20222962B0F00AAF1B2 /* vad_filterbank.c */; };
		0262C21D22962B0F00AAF1B2 /* vad_gmm.c in Sources */ = {isa = PBXBuildFile; fileRef = 0262C20422962B0F00AAF1B2 /* vad_gmm.c */; };
		0262C21E22962B0F00AAF1B2 /* vad_sp.c in Sources */ = {isa = PBXBuildFile; fileRef = 0262C20622962B0F00AAF1B2 /* vad_sp.c */; };
		0262C21F22962B0F00AAF1B2 /* webrtc_vad.c in Sources */ = {isa = PBXBuildFile; fileRef = 0262C20822962B0F00AAF1B2 /* webrtc_vad.c */; };
		0262C22322962B3100AAF1B2 /* WVVad.m in Sources */ = {isa = PBXBuildFile; fileRef = 0262C22222962B3100AAF1B2 /* WVVad.m */; };
		B3E7B58A1CC2AC0600A0062D /* RNWebrtcVad.m in Sources */ = {isa = PBXBuildFile; fileRef = B3E7B5891CC2AC0600A0062D /* RNWebrtcVad.m */; };
/* End PBXBuildFile section */

/* Begin PBXCopyFilesBuildPhase section */
		58B511D91A9E6C8500147676 /* CopyFiles */ = {
			isa = PBXCopyFilesBuildPhase;
			buildActionMask = 2147483647;
			dstPath = "include/$(PRODUCT_NAME)";
			dstSubfolderSpec = 16;
			files = (
			);
			runOnlyForDeploymentPostprocessing = 0;
		};
/* End PBXCopyFilesBuildPhase section */

/* Begin PBXFileReference section */
		02267CDB228024EC0070BBC0 /* AudioToolbox.framework */ = {isa = PBXFileReference; lastKnownFileType = wrapper.framework; name = AudioToolbox.framework; path = System/Library/Frameworks/AudioToolbox.framework; sourceTree = SDKROOT; };
		0262C1E922962B0F00AAF1B2 /* complex_bit_reverse.c */ = {isa = PBXFileReference; fileEncoding = 4; lastKnownFileType = sourcecode.c.c; path = complex_bit_reverse.c; sourceTree = "<group>"; };
		0262C1EA22962B0F00AAF1B2 /* complex_fft.c */ = {isa = PBXFileReference; fileEncoding = 4; lastKnownFileType = sourcecode.c.c; path = complex_fft.c; sourceTree = "<group>"; };
		0262C1EB22962B0F00AAF1B2 /* complex_fft_tables.h */ = {isa = PBXFileReference; fileEncoding = 4; lastKnownFileType = sourcecode.c.h; path = complex_fft_tables.h; sourceTree = "<group>"; };
		0262C1EC22962B0F00AAF1B2 /* cross_correlation.c */ = {isa = PBXFileReference; fileEncoding = 4; lastKnownFileType = sourcecode.c.c; path = cross_correlation.c; sourceTree = "<group>"; };
		0262C1ED22962B0F00AAF1B2 /* division_operations.c */ = {isa = PBXFileReference; fileEncoding = 4; lastKnownFileType = sourcecode.c.c; path = division_operations.c; sourceTree = "<group>"; };
		0262C1EE22962B0F00AAF1B2 /* downsample_fast.c */ = {isa = PBXFileReference; fileEncoding = 4; lastKnownFileType = sourcecode.c.c; path = downsample_fast.c; sourceTree = "<group>"; };
		0262C1EF22962B0F00AAF1B2 /* energy.c */ = {isa = PBXFileReference; fileEncoding = 4; lastKnownFileType = sourcecode.c.c; path = energy.c; sourceTree = "<group>"; };
		0262C1F022962B0F00AAF1B2 /* get_scaling_square.c */ = {isa = PBXFileReference; fileEncoding = 4; lastKnownFileType = sourcecode.c.c; path = get_scaling_square.c; sourceTree = "<group>"; };
		0262C1F222962B0F00AAF1B2 /* real_fft.h */ = {isa = PBXFileReference; fileEncoding = 4; lastKnownFileType = sourcecode.c.h; path = real_fft.h; sourceTree = "<group>"; };
		0262C1F322962B0F00AAF1B2 /* signal_processing_library.h */ = {isa = PBXFileReference; fileEncoding = 4; lastKnownFileType = sourcecode.c.h; path = signal_processing_library.h; sourceTree = "<group>"; };
		0262C1F422962B0F00AAF1B2 /* spl_inl.h */ = {isa = PBXFileReference; fileEncoding = 4; lastKnownFileType = sourcecode.c.h; path = spl_inl.h; sourceTree = "<group>"; };
		0262C1F522962B0F00AAF1B2 /* min_max_operations.c */ = {isa = PBXFileReference; fileEncoding = 4; lastKnownFileType = sourcecode.c.c; path = min_max_operations.c; sourceTree = "<group>"; };
		0262C1F622962B0F00AAF1B2 /* real_fft.c */ = {isa = PBXFileReference; fileEncoding = 4; lastKnownFileType = sourcecode.c.c; path = real_fft.c; sourceTree = "<group>"; };
		0262C1F722962B0F00AAF1B2 /* resample_48khz.c */ = {isa = PBXFileReference; fileEncoding = 4; lastKnownFileType = sourcecode.c.c; path = resample_48khz.c; sourceTree = "<group>"; };
		0262C1F822962B0F00AAF1B2 /* resample_by_2_internal.c */ = {isa = PBXFileReference; fileEncoding = 4; lastKnownFileType = sourcecode.c.c; path = resample_by_2_internal.c; sourceTree = "<group>"; };
		0262C1F922962B0F00AAF1B2 /* resample_by_2_internal.h */ = {isa = PBXFileReference; fileEncoding = 4; lastKnownFileType = sourcecode.c.h; path = resample_by_2_internal.h; sourceTree = "<group>"; };
		0262C1FA22962B0F00AAF1B2 /* resample_fractional.c */ = {isa = PBXFileReference; fileEncoding = 4; lastKnownFileType = sourcecode.c.c; path = resample_fractional.c; sourceTree = "<group>"; };
		0262C1FB22962B0F00AAF1B2 /* spl_init.c */ = {isa = PBXFileReference; fileEncoding = 4; lastKnownFileType = sourcecode.c.c; path = spl_init.c; sourceTree = "<group>"; };
		0262C1FC22962B0F00AAF1B2 /* vector_scaling_operations.c */ = {isa = PBXFileReference; fileEncoding = 4; lastKnownFileType = sourcecode.c.c; path = vector_scaling_operations.c; sourceTree = "<group>"; };
		0262C1FF22962B0F00AAF1B2 /* webrtc_vad.h */ = {isa = PBXFileReference; fileEncoding = 4; lastKnownFileType = sourcecode.c.h; path = webrtc_vad.h; sourceTree = "<group>"; };
		0262C20022962B0F00AAF1B2 /* vad_core.c */ = {isa = PBXFileReference; fileEncoding = 4; lastKnownFileType = sourcecode.c.c; path = vad_core.c; sourceTree = "<group>"; };
		0262C20122962B0F00AAF1B2 /* vad_core.h */ = {isa = PBXFileReference; fileEncoding = 4; lastKnownFileType = sourcecode.c.h; path = vad_core.h; sourceTree = "<group>"; };
		0262C20222962B0F00AAF1B2 /* vad_filterbank.c */ = {isa = PBXFileReference; fileEncoding = 4; lastKnownFileType = sourcecode.c.c; path = vad_filterbank.c; sourceTree = "<group>"; };
		0262C20322962B0F00AAF1B2 /* vad_filterbank.h */ = {isa = PBXFileReference; fileEncoding = 4; lastKnownFileType = sourcecode.c.h; path = vad_filterbank.h; sourceTree = "<group>"; };
		0262C20422962B0F00AAF1B2 /* vad_gmm.c */ = {isa = PBXFileReference; fileEncoding = 4; lastKnownFileType = sourcecode.c.c; path = vad_gmm.c; sourceTree = "<group>"; };
		0262C20522962B0F00AAF1B2 /* vad_gmm.h */ = {isa = PBXFileReference; fileEncoding = 4; lastKnownFileType = sourcecode.c.h; path = vad_gmm.h; sourceTree = "<group>"; };
		0262C20622962B0F00AAF1B2 /* vad_sp.c */ = {isa = PBXFileReference; fileEncoding = 4; lastKnownFileType = sourcecode.c.c; path = vad_sp.c; sourceTree = "<group>"; };
		0262C20722962B0F00AAF1B2 /* vad_sp.h */ = {isa = PBXFileReference; fileEncoding = 4; lastKnownFileType = sourcecode.c.h; path = vad_sp.h; sourceTree = "<group>"; };
		0262C20822962B0F00AAF1B2 /* webrtc_vad.c */ = {isa = PBXFileReference; fileEncoding = 4; lastKnownFileType = sourcecode.c.c; path = webrtc_vad.c; sourceTree = "<group>"; };
		0262C20B22962B0F00AAF1B2 /* cpu_features_wrapper.h */ = {isa = PBXFileReference; fileEncoding = 4; lastKnownFileType = sourcecode.c.h; path = cpu_features_wrapper.h; sourceTree = "<group>"; };
		0262C20C22962B0F00AAF1B2 /* typedefs.h */ = {isa = PBXFileReference; fileEncoding = 4; lastKnownFileType = sourcecode.c.h; path = typedefs.h; sourceTree = "<group>"; };
		0262C22122962B3100AAF1B2 /* WVVad.h */ = {isa = PBXFileReference; fileEncoding = 4; lastKnownFileType = sourcecode.c.h; path = WVVad.h; sourceTree = "<group>"; };
		0262C22222962B3100AAF1B2 /* WVVad.m */ = {isa = PBXFileReference; fileEncoding = 4; lastKnownFileType = sourcecode.c.objc; path = WVVad.m; sourceTree = "<group>"; };
		134814201AA4EA6300B7C361 /* libRNWebrtcVad.a */ = {isa = PBXFileReference; explicitFileType = archive.ar; includeInIndex = 0; path = libRNWebrtcVad.a; sourceTree = BUILT_PRODUCTS_DIR; };
		B3E7B5881CC2AC0600A0062D /* RNWebrtcVad.h */ = {isa = PBXFileReference; fileEncoding = 4; lastKnownFileType = sourcecode.c.h; path = RNWebrtcVad.h; sourceTree = "<group>"; };
		B3E7B5891CC2AC0600A0062D /* RNWebrtcVad.m */ = {isa = PBXFileReference; fileEncoding = 4; lastKnownFileType = sourcecode.c.objc; path = RNWebrtcVad.m; sourceTree = "<group>"; };
/* End PBXFileReference section */

/* Begin PBXFrameworksBuildPhase section */
		58B511D81A9E6C8500147676 /* Frameworks */ = {
			isa = PBXFrameworksBuildPhase;
			buildActionMask = 2147483647;
			files = (
			);
			runOnlyForDeploymentPostprocessing = 0;
		};
/* End PBXFrameworksBuildPhase section */

/* Begin PBXGroup section */
		02267CDA228024EB0070BBC0 /* Frameworks */ = {
			isa = PBXGroup;
			children = (
				02267CDB228024EC0070BBC0 /* AudioToolbox.framework */,
			);
			name = Frameworks;
			sourceTree = "<group>";
		};
		0262C1E622962B0F00AAF1B2 /* webrtc */ = {
			isa = PBXGroup;
			children = (
				0262C1E722962B0F00AAF1B2 /* common_audio */,
				0262C20922962B0F00AAF1B2 /* system_wrappers */,
				0262C20C22962B0F00AAF1B2 /* typedefs.h */,
			);
			name = webrtc;
			path = ../webrtc;
			sourceTree = "<group>";
		};
		0262C1E722962B0F00AAF1B2 /* common_audio */ = {
			isa = PBXGroup;
			children = (
				0262C1E822962B0F00AAF1B2 /* signal_processing */,
				0262C1FD22962B0F00AAF1B2 /* vad */,
			);
			path = common_audio;
			sourceTree = "<group>";
		};
		0262C1E822962B0F00AAF1B2 /* signal_processing */ = {
			isa = PBXGroup;
			children = (
				0262C1E922962B0F00AAF1B2 /* complex_bit_reverse.c */,
				0262C1EA22962B0F00AAF1B2 /* complex_fft.c */,
				0262C1EB22962B0F00AAF1B2 /* complex_fft_tables.h */,
				0262C1EC22962B0F00AAF1B2 /* cross_correlation.c */,
				0262C1ED22962B0F00AAF1B2 /* division_operations.c */,
				0262C1EE22962B0F00AAF1B2 /* downsample_fast.c */,
				0262C1EF22962B0F00AAF1B2 /* energy.c */,
				0262C1F022962B0F00AAF1B2 /* get_scaling_square.c */,
				0262C1F122962B0F00AAF1B2 /* include */,
				0262C1F522962B0F00AAF1B2 /* min_max_operations.c */,
				0262C1F622962B0F00AAF1B2 /* real_fft.c */,
				0262C1F722962B0F00AAF1B2 /* resample_48khz.c */,
				0262C1F822962B0F00AAF1B2 /* resample_by_2_internal.c */,
				0262C1F922962B0F00AAF1B2 /* resample_by_2_internal.h */,
				0262C1FA22962B0F00AAF1B2 /* resample_fractional.c */,
				0262C1FB22962B0F00AAF1B2 /* spl_init.c */,
				0262C1FC22962B0F00AAF1B2 /* vector_scaling_operations.c */,
			);
			path = signal_processing;
			sourceTree = "<group>";
		};
		0262C1F122962B0F00AAF1B2 /* include */ = {
			isa = PBXGroup;
			children = (
				0262C1F222962B0F00AAF1B2 /* real_fft.h */,
				0262C1F322962B0F00AAF1B2 /* signal_processing_library.h */,
				0262C1F422962B0F00AAF1B2 /* spl_inl.h */,
			);
			path = include;
			sourceTree = "<group>";
		};
		0262C1FD22962B0F00AAF1B2 /* vad */ = {
			isa = PBXGroup;
			children = (
				0262C1FE22962B0F00AAF1B2 /* include */,
				0262C20022962B0F00AAF1B2 /* vad_core.c */,
				0262C20122962B0F00AAF1B2 /* vad_core.h */,
				0262C20222962B0F00AAF1B2 /* vad_filterbank.c */,
				0262C20322962B0F00AAF1B2 /* vad_filterbank.h */,
				0262C20422962B0F00AAF1B2 /* vad_gmm.c */,
				0262C20522962B0F00AAF1B2 /* vad_gmm.h */,
				0262C20622962B0F00AAF1B2 /* vad_sp.c */,
				0262C20722962B0F00AAF1B2 /* vad_sp.h */,
				0262C20822962B0F00AAF1B2 /* webrtc_vad.c */,
			);
			path = vad;
			sourceTree = "<group>";
		};
		0262C1FE22962B0F00AAF1B2 /* include */ = {
			isa = PBXGroup;
			children = (
				0262C1FF22962B0F00AAF1B2 /* webrtc_vad.h */,
			);
			path = include;
			sourceTree = "<group>";
		};
		0262C20922962B0F00AAF1B2 /* system_wrappers */ = {
			isa = PBXGroup;
			children = (
				0262C20A22962B0F00AAF1B2 /* interface */,
			);
			path = system_wrappers;
			sourceTree = "<group>";
		};
		0262C20A22962B0F00AAF1B2 /* interface */ = {
			isa = PBXGroup;
			children = (
				0262C20B22962B0F00AAF1B2 /* cpu_features_wrapper.h */,
			);
			path = interface;
			sourceTree = "<group>";
		};
		0262C22022962B3100AAF1B2 /* webrtcvad */ = {
			isa = PBXGroup;
			children = (
				0262C22122962B3100AAF1B2 /* WVVad.h */,
				0262C22222962B3100AAF1B2 /* WVVad.m */,
			);
			name = webrtcvad;
			path = ../webrtcvad;
			sourceTree = "<group>";
		};
		134814211AA4EA7D00B7C361 /* Products */ = {
			isa = PBXGroup;
			children = (
				134814201AA4EA6300B7C361 /* libRNWebrtcVad.a */,
			);
			name = Products;
			sourceTree = "<group>";
		};
		58B511D21A9E6C8500147676 = {
			isa = PBXGroup;
			children = (
				0262C22022962B3100AAF1B2 /* webrtcvad */,
				0262C1E622962B0F00AAF1B2 /* webrtc */,
				B3E7B5881CC2AC0600A0062D /* RNWebrtcVad.h */,
				B3E7B5891CC2AC0600A0062D /* RNWebrtcVad.m */,
				134814211AA4EA7D00B7C361 /* Products */,
				02267CDA228024EB0070BBC0 /* Frameworks */,
			);
			sourceTree = "<group>";
		};
/* End PBXGroup section */

/* Begin PBXNativeTarget section */
		58B511DA1A9E6C8500147676 /* RNWebrtcVad */ = {
			isa = PBXNativeTarget;
			buildConfigurationList = 58B511EF1A9E6C8500147676 /* Build configuration list for PBXNativeTarget "RNWebrtcVad" */;
			buildPhases = (
				58B511D71A9E6C8500147676 /* Sources */,
				58B511D81A9E6C8500147676 /* Frameworks */,
				58B511D91A9E6C8500147676 /* CopyFiles */,
			);
			buildRules = (
			);
			dependencies = (
			);
			name = RNWebrtcVad;
			productName = RCTDataManager;
			productReference = 134814201AA4EA6300B7C361 /* libRNWebrtcVad.a */;
			productType = "com.apple.product-type.library.static";
		};
/* End PBXNativeTarget section */

/* Begin PBXProject section */
		58B511D31A9E6C8500147676 /* Project object */ = {
			isa = PBXProject;
			attributes = {
				LastUpgradeCheck = 0830;
				ORGANIZATIONNAME = Facebook;
				TargetAttributes = {
					58B511DA1A9E6C8500147676 = {
						CreatedOnToolsVersion = 6.1.1;
					};
				};
			};
			buildConfigurationList = 58B511D61A9E6C8500147676 /* Build configuration list for PBXProject "RNWebrtcVad" */;
			compatibilityVersion = "Xcode 3.2";
			developmentRegion = English;
			hasScannedForEncodings = 0;
			knownRegions = (
				English,
				en,
			);
			mainGroup = 58B511D21A9E6C8500147676;
			productRefGroup = 58B511D21A9E6C8500147676;
			projectDirPath = "";
			projectRoot = "";
			targets = (
				58B511DA1A9E6C8500147676 /* RNWebrtcVad */,
			);
		};
/* End PBXProject section */

/* Begin PBXSourcesBuildPhase section */
		58B511D71A9E6C8500147676 /* Sources */ = {
			isa = PBXSourcesBuildPhase;
			buildActionMask = 2147483647;
			files = (
				0262C21622962B0F00AAF1B2 /* resample_48khz.c in Sources */,
				0262C21722962B0F00AAF1B2 /* resample_by_2_internal.c in Sources */,
				0262C21F22962B0F00AAF1B2 /* webrtc_vad.c in Sources */,
				0262C21522962B0F00AAF1B2 /* real_fft.c in Sources */,
				0262C20E22962B0F00AAF1B2 /* complex_fft.c in Sources */,
				0262C21422962B0F00AAF1B2 /* min_max_operations.c in Sources */,
				0262C21A22962B0F00AAF1B2 /* vector_scaling_operations.c in Sources */,
				0262C21122962B0F00AAF1B2 /* downsample_fast.c in Sources */,
				0262C21022962B0F00AAF1B2 /* division_operations.c in Sources */,
				0262C21922962B0F00AAF1B2 /* spl_init.c in Sources */,
				0262C21E22962B0F00AAF1B2 /* vad_sp.c in Sources */,
				0262C21822962B0F00AAF1B2 /* resample_fractional.c in Sources */,
				0262C22322962B3100AAF1B2 /* WVVad.m in Sources */,
				B3E7B58A1CC2AC0600A0062D /* RNWebrtcVad.m in Sources */,
				0262C20D22962B0F00AAF1B2 /* complex_bit_reverse.c in Sources */,
				0262C21322962B0F00AAF1B2 /* get_scaling_square.c in Sources */,
				0262C21D22962B0F00AAF1B2 /* vad_gmm.c in Sources */,
				0262C21C22962B0F00AAF1B2 /* vad_filterbank.c in Sources */,
				0262C20F22962B0F00AAF1B2 /* cross_correlation.c in Sources */,
				0262C21B22962B0F00AAF1B2 /* vad_core.c in Sources */,
				0262C21222962B0F00AAF1B2 /* energy.c in Sources */,
			);
			runOnlyForDeploymentPostprocessing = 0;
		};
/* End PBXSourcesBuildPhase section */

/* Begin XCBuildConfiguration section */
		58B511ED1A9E6C8500147676 /* Debug */ = {
			isa = XCBuildConfiguration;
			buildSettings = {
				ALWAYS_SEARCH_USER_PATHS = NO;
				CLANG_CXX_LANGUAGE_STANDARD = "gnu++0x";
				CLANG_CXX_LIBRARY = "libc++";
				CLANG_ENABLE_MODULES = YES;
				CLANG_ENABLE_OBJC_ARC = YES;
				CLANG_WARN_BOOL_CONVERSION = YES;
				CLANG_WARN_CONSTANT_CONVERSION = YES;
				CLANG_WARN_DIRECT_OBJC_ISA_USAGE = YES_ERROR;
				CLANG_WARN_EMPTY_BODY = YES;
				CLANG_WARN_ENUM_CONVERSION = YES;
				CLANG_WARN_INFINITE_RECURSION = YES;
				CLANG_WARN_INT_CONVERSION = YES;
				CLANG_WARN_OBJC_ROOT_CLASS = YES_ERROR;
				CLANG_WARN_SUSPICIOUS_MOVE = YES;
				CLANG_WARN_UNREACHABLE_CODE = YES;
				CLANG_WARN__DUPLICATE_METHOD_MATCH = YES;
				COPY_PHASE_STRIP = NO;
				ENABLE_STRICT_OBJC_MSGSEND = YES;
				ENABLE_TESTABILITY = YES;
				GCC_C_LANGUAGE_STANDARD = gnu99;
				GCC_DYNAMIC_NO_PIC = NO;
				GCC_NO_COMMON_BLOCKS = YES;
				GCC_OPTIMIZATION_LEVEL = 0;
				GCC_PREPROCESSOR_DEFINITIONS = (
					"DEBUG=1",
					"$(inherited)",
				);
				GCC_SYMBOLS_PRIVATE_EXTERN = NO;
				GCC_WARN_64_TO_32_BIT_CONVERSION = YES;
				GCC_WARN_ABOUT_RETURN_TYPE = YES_ERROR;
				GCC_WARN_UNDECLARED_SELECTOR = YES;
				GCC_WARN_UNINITIALIZED_AUTOS = YES_AGGRESSIVE;
				GCC_WARN_UNUSED_FUNCTION = YES;
				GCC_WARN_UNUSED_VARIABLE = YES;
				IPHONEOS_DEPLOYMENT_TARGET = 8.0;
				MTL_ENABLE_DEBUG_INFO = YES;
				ONLY_ACTIVE_ARCH = YES;
				SDKROOT = iphoneos;
			};
			name = Debug;
		};
		58B511EE1A9E6C8500147676 /* Release */ = {
			isa = XCBuildConfiguration;
			buildSettings = {
				ALWAYS_SEARCH_USER_PATHS = NO;
				CLANG_CXX_LANGUAGE_STANDARD = "gnu++0x";
				CLANG_CXX_LIBRARY = "libc++";
				CLANG_ENABLE_MODULES = YES;
				CLANG_ENABLE_OBJC_ARC = YES;
				CLANG_WARN_BOOL_CONVERSION = YES;
				CLANG_WARN_CONSTANT_CONVERSION = YES;
				CLANG_WARN_DIRECT_OBJC_ISA_USAGE = YES_ERROR;
				CLANG_WARN_EMPTY_BODY = YES;
				CLANG_WARN_ENUM_CONVERSION = YES;
				CLANG_WARN_INFINITE_RECURSION = YES;
				CLANG_WARN_INT_CONVERSION = YES;
				CLANG_WARN_OBJC_ROOT_CLASS = YES_ERROR;
				CLANG_WARN_SUSPICIOUS_MOVE = YES;
				CLANG_WARN_UNREACHABLE_CODE = YES;
				CLANG_WARN__DUPLICATE_METHOD_MATCH = YES;
				COPY_PHASE_STRIP = YES;
				ENABLE_NS_ASSERTIONS = NO;
				ENABLE_STRICT_OBJC_MSGSEND = YES;
				GCC_C_LANGUAGE_STANDARD = gnu99;
				GCC_NO_COMMON_BLOCKS = YES;
				GCC_WARN_64_TO_32_BIT_CONVERSION = YES;
				GCC_WARN_ABOUT_RETURN_TYPE = YES_ERROR;
				GCC_WARN_UNDECLARED_SELECTOR = YES;
				GCC_WARN_UNINITIALIZED_AUTOS = YES_AGGRESSIVE;
				GCC_WARN_UNUSED_FUNCTION = YES;
				GCC_WARN_UNUSED_VARIABLE = YES;
				IPHONEOS_DEPLOYMENT_TARGET = 8.0;
				MTL_ENABLE_DEBUG_INFO = NO;
				SDKROOT = iphoneos;
				VALIDATE_PRODUCT = YES;
			};
			name = Release;
		};
		58B511F01A9E6C8500147676 /* Debug */ = {
			isa = XCBuildConfiguration;
			buildSettings = {
				HEADER_SEARCH_PATHS = (
					"$(inherited)",
					/Applications/Xcode.app/Contents/Developer/Toolchains/XcodeDefault.xctoolchain/usr/include,
					"$(SRCROOT)/../../React/**",
					"$(SRCROOT)/../../react-native/React/**",
				);
				LIBRARY_SEARCH_PATHS = (
					"$(inherited)",
					"$(PROJECT_DIR)/build/Build/Products/Debug-iphoneos",
				);
				OTHER_LDFLAGS = "-ObjC";
				PRODUCT_NAME = RNWebrtcVad;
				SKIP_INSTALL = YES;
			};
			name = Debug;
		};
		58B511F11A9E6C8500147676 /* Release */ = {
			isa = XCBuildConfiguration;
			buildSettings = {
				HEADER_SEARCH_PATHS = (
					"$(inherited)",
					/Applications/Xcode.app/Contents/Developer/Toolchains/XcodeDefault.xctoolchain/usr/include,
					"$(SRCROOT)/../../React/**",
					"$(SRCROOT)/../../react-native/React/**",
				);
				LIBRARY_SEARCH_PATHS = (
					"$(inherited)",
					"$(PROJECT_DIR)/build/Build/Products/Debug-iphoneos",
				);
				OTHER_LDFLAGS = "-ObjC";
				PRODUCT_NAME = RNWebrtcVad;
				SKIP_INSTALL = YES;
			};
			name = Release;
		};
/* End XCBuildConfiguration section */

/* Begin XCConfigurationList section */
		58B511D61A9E6C8500147676 /* Build configuration list for PBXProject "RNWebrtcVad" */ = {
			isa = XCConfigurationList;
			buildConfigurations = (
				58B511ED1A9E6C8500147676 /* Debug */,
				58B511EE1A9E6C8500147676 /* Release */,
			);
			defaultConfigurationIsVisible = 0;
			defaultConfigurationName = Release;
		};
		58B511EF1A9E6C8500147676 /* Build configuration list for PBXNativeTarget "RNWebrtcVad" */ = {
			isa = XCConfigurationList;
			buildConfigurations = (
				58B511F01A9E6C8500147676 /* Debug */,
				58B511F11A9E6C8500147676 /* Release */,
			);
			defaultConfigurationIsVisible = 0;
			defaultConfigurationName = Release;
		};
/* End XCConfigurationList section */
	};
	rootObject = 58B511D31A9E6C8500147676 /* Project object */;
}
